// !$*UTF8*$!
{
	archiveVersion = 1;
	classes = {
	};
	objectVersion = 46;
	objects = {

/* Begin PBXBuildFile section */
		3334BA851F95B045006A1951 /* ZYAnimationOneViewController.m in Sources */ = {isa = PBXBuildFile; fileRef = 3334BA841F95B045006A1951 /* ZYAnimationOneViewController.m */; };
		3334BA881F95B057006A1951 /* ZYAnimationTwoViewController.m in Sources */ = {isa = PBXBuildFile; fileRef = 3334BA871F95B057006A1951 /* ZYAnimationTwoViewController.m */; };
		33A7469E1F95B65700895F36 /* Launch Screen.storyboard in Resources */ = {isa = PBXBuildFile; fileRef = 33A7469D1F95B65700895F36 /* Launch Screen.storyboard */; };
		33A746D01F95D7D300895F36 /* zy_loading_1.png in Resources */ = {isa = PBXBuildFile; fileRef = 33A746A41F95D7D300895F36 /* zy_loading_1.png */; };
		33A746D11F95D7D300895F36 /* zy_loading_10.png in Resources */ = {isa = PBXBuildFile; fileRef = 33A746A51F95D7D300895F36 /* zy_loading_10.png */; };
		33A746D21F95D7D300895F36 /* zy_loading_11.png in Resources */ = {isa = PBXBuildFile; fileRef = 33A746A61F95D7D300895F36 /* zy_loading_11.png */; };
		33A746D31F95D7D300895F36 /* zy_loading_12.png in Resources */ = {isa = PBXBuildFile; fileRef = 33A746A71F95D7D300895F36 /* zy_loading_12.png */; };
		33A746D41F95D7D300895F36 /* zy_loading_13.png in Resources */ = {isa = PBXBuildFile; fileRef = 33A746A81F95D7D300895F36 /* zy_loading_13.png */; };
		33A746D51F95D7D300895F36 /* zy_loading_14.png in Resources */ = {isa = PBXBuildFile; fileRef = 33A746A91F95D7D300895F36 /* zy_loading_14.png */; };
		33A746D61F95D7D300895F36 /* zy_loading_15.png in Resources */ = {isa = PBXBuildFile; fileRef = 33A746AA1F95D7D300895F36 /* zy_loading_15.png */; };
		33A746D71F95D7D300895F36 /* zy_loading_16.png in Resources */ = {isa = PBXBuildFile; fileRef = 33A746AB1F95D7D300895F36 /* zy_loading_16.png */; };
		33A746D81F95D7D300895F36 /* zy_loading_17.png in Resources */ = {isa = PBXBuildFile; fileRef = 33A746AC1F95D7D300895F36 /* zy_loading_17.png */; };
		33A746D91F95D7D300895F36 /* zy_loading_18.png in Resources */ = {isa = PBXBuildFile; fileRef = 33A746AD1F95D7D300895F36 /* zy_loading_18.png */; };
		33A746DA1F95D7D300895F36 /* zy_loading_19.png in Resources */ = {isa = PBXBuildFile; fileRef = 33A746AE1F95D7D300895F36 /* zy_loading_19.png */; };
		33A746DB1F95D7D300895F36 /* zy_loading_2.png in Resources */ = {isa = PBXBuildFile; fileRef = 33A746AF1F95D7D300895F36 /* zy_loading_2.png */; };
		33A746DC1F95D7D300895F36 /* zy_loading_20.png in Resources */ = {isa = PBXBuildFile; fileRef = 33A746B01F95D7D300895F36 /* zy_loading_20.png */; };
		33A746DD1F95D7D300895F36 /* zy_loading_21.png in Resources */ = {isa = PBXBuildFile; fileRef = 33A746B11F95D7D300895F36 /* zy_loading_21.png */; };
		33A746DE1F95D7D300895F36 /* zy_loading_22.png in Resources */ = {isa = PBXBuildFile; fileRef = 33A746B21F95D7D300895F36 /* zy_loading_22.png */; };
		33A746DF1F95D7D300895F36 /* zy_loading_23.png in Resources */ = {isa = PBXBuildFile; fileRef = 33A746B31F95D7D300895F36 /* zy_loading_23.png */; };
		33A746E01F95D7D300895F36 /* zy_loading_24.png in Resources */ = {isa = PBXBuildFile; fileRef = 33A746B41F95D7D300895F36 /* zy_loading_24.png */; };
		33A746E11F95D7D300895F36 /* zy_loading_25.png in Resources */ = {isa = PBXBuildFile; fileRef = 33A746B51F95D7D300895F36 /* zy_loading_25.png */; };
		33A746E21F95D7D300895F36 /* zy_loading_26.png in Resources */ = {isa = PBXBuildFile; fileRef = 33A746B61F95D7D300895F36 /* zy_loading_26.png */; };
		33A746E31F95D7D300895F36 /* zy_loading_27.png in Resources */ = {isa = PBXBuildFile; fileRef = 33A746B71F95D7D300895F36 /* zy_loading_27.png */; };
		33A746E41F95D7D300895F36 /* zy_loading_28.png in Resources */ = {isa = PBXBuildFile; fileRef = 33A746B81F95D7D300895F36 /* zy_loading_28.png */; };
		33A746E51F95D7D300895F36 /* zy_loading_29.png in Resources */ = {isa = PBXBuildFile; fileRef = 33A746B91F95D7D300895F36 /* zy_loading_29.png */; };
		33A746E61F95D7D300895F36 /* zy_loading_3.png in Resources */ = {isa = PBXBuildFile; fileRef = 33A746BA1F95D7D300895F36 /* zy_loading_3.png */; };
		33A746E71F95D7D300895F36 /* zy_loading_30.png in Resources */ = {isa = PBXBuildFile; fileRef = 33A746BB1F95D7D300895F36 /* zy_loading_30.png */; };
		33A746E81F95D7D300895F36 /* zy_loading_31.png in Resources */ = {isa = PBXBuildFile; fileRef = 33A746BC1F95D7D300895F36 /* zy_loading_31.png */; };
		33A746E91F95D7D300895F36 /* zy_loading_32.png in Resources */ = {isa = PBXBuildFile; fileRef = 33A746BD1F95D7D300895F36 /* zy_loading_32.png */; };
		33A746EA1F95D7D300895F36 /* zy_loading_33.png in Resources */ = {isa = PBXBuildFile; fileRef = 33A746BE1F95D7D300895F36 /* zy_loading_33.png */; };
		33A746EB1F95D7D300895F36 /* zy_loading_34.png in Resources */ = {isa = PBXBuildFile; fileRef = 33A746BF1F95D7D300895F36 /* zy_loading_34.png */; };
		33A746EC1F95D7D300895F36 /* zy_loading_35.png in Resources */ = {isa = PBXBuildFile; fileRef = 33A746C01F95D7D300895F36 /* zy_loading_35.png */; };
		33A746ED1F95D7D300895F36 /* zy_loading_36.png in Resources */ = {isa = PBXBuildFile; fileRef = 33A746C11F95D7D300895F36 /* zy_loading_36.png */; };
		33A746EE1F95D7D300895F36 /* zy_loading_37.png in Resources */ = {isa = PBXBuildFile; fileRef = 33A746C21F95D7D300895F36 /* zy_loading_37.png */; };
		33A746EF1F95D7D300895F36 /* zy_loading_38.png in Resources */ = {isa = PBXBuildFile; fileRef = 33A746C31F95D7D300895F36 /* zy_loading_38.png */; };
		33A746F01F95D7D300895F36 /* zy_loading_39.png in Resources */ = {isa = PBXBuildFile; fileRef = 33A746C41F95D7D300895F36 /* zy_loading_39.png */; };
		33A746F11F95D7D300895F36 /* zy_loading_4.png in Resources */ = {isa = PBXBuildFile; fileRef = 33A746C51F95D7D300895F36 /* zy_loading_4.png */; };
		33A746F21F95D7D300895F36 /* zy_loading_40.png in Resources */ = {isa = PBXBuildFile; fileRef = 33A746C61F95D7D300895F36 /* zy_loading_40.png */; };
		33A746F31F95D7D300895F36 /* zy_loading_41.png in Resources */ = {isa = PBXBuildFile; fileRef = 33A746C71F95D7D300895F36 /* zy_loading_41.png */; };
		33A746F41F95D7D300895F36 /* zy_loading_42.png in Resources */ = {isa = PBXBuildFile; fileRef = 33A746C81F95D7D300895F36 /* zy_loading_42.png */; };
		33A746F51F95D7D300895F36 /* zy_loading_45.png in Resources */ = {isa = PBXBuildFile; fileRef = 33A746C91F95D7D300895F36 /* zy_loading_45.png */; };
		33A746F61F95D7D300895F36 /* zy_loading_46.png in Resources */ = {isa = PBXBuildFile; fileRef = 33A746CA1F95D7D300895F36 /* zy_loading_46.png */; };
		33A746F71F95D7D300895F36 /* zy_loading_5.png in Resources */ = {isa = PBXBuildFile; fileRef = 33A746CB1F95D7D300895F36 /* zy_loading_5.png */; };
		33A746F81F95D7D300895F36 /* zy_loading_6.png in Resources */ = {isa = PBXBuildFile; fileRef = 33A746CC1F95D7D300895F36 /* zy_loading_6.png */; };
		33A746F91F95D7D300895F36 /* zy_loading_7.png in Resources */ = {isa = PBXBuildFile; fileRef = 33A746CD1F95D7D300895F36 /* zy_loading_7.png */; };
		33A746FA1F95D7D300895F36 /* zy_loading_8.png in Resources */ = {isa = PBXBuildFile; fileRef = 33A746CE1F95D7D300895F36 /* zy_loading_8.png */; };
		33A746FB1F95D7D300895F36 /* zy_loading_9.png in Resources */ = {isa = PBXBuildFile; fileRef = 33A746CF1F95D7D300895F36 /* zy_loading_9.png */; };
		33A746FE1F95EE5F00895F36 /* ZYAnimationThreeViewController.m in Sources */ = {isa = PBXBuildFile; fileRef = 33A746FD1F95EE5F00895F36 /* ZYAnimationThreeViewController.m */; };
		6003F58E195388D20070C39A /* Foundation.framework in Frameworks */ = {isa = PBXBuildFile; fileRef = 6003F58D195388D20070C39A /* Foundation.framework */; };
		6003F590195388D20070C39A /* CoreGraphics.framework in Frameworks */ = {isa = PBXBuildFile; fileRef = 6003F58F195388D20070C39A /* CoreGraphics.framework */; };
		6003F592195388D20070C39A /* UIKit.framework in Frameworks */ = {isa = PBXBuildFile; fileRef = 6003F591195388D20070C39A /* UIKit.framework */; };
		6003F598195388D20070C39A /* InfoPlist.strings in Resources */ = {isa = PBXBuildFile; fileRef = 6003F596195388D20070C39A /* InfoPlist.strings */; };
		6003F59A195388D20070C39A /* main.m in Sources */ = {isa = PBXBuildFile; fileRef = 6003F599195388D20070C39A /* main.m */; };
		6003F59E195388D20070C39A /* ZYAppDelegate.m in Sources */ = {isa = PBXBuildFile; fileRef = 6003F59D195388D20070C39A /* ZYAppDelegate.m */; };
		6003F5A7195388D20070C39A /* ZYViewController.m in Sources */ = {isa = PBXBuildFile; fileRef = 6003F5A6195388D20070C39A /* ZYViewController.m */; };
		6003F5A9195388D20070C39A /* Images.xcassets in Resources */ = {isa = PBXBuildFile; fileRef = 6003F5A8195388D20070C39A /* Images.xcassets */; };
		6003F5B0195388D20070C39A /* XCTest.framework in Frameworks */ = {isa = PBXBuildFile; fileRef = 6003F5AF195388D20070C39A /* XCTest.framework */; };
		6003F5B1195388D20070C39A /* Foundation.framework in Frameworks */ = {isa = PBXBuildFile; fileRef = 6003F58D195388D20070C39A /* Foundation.framework */; };
		6003F5B2195388D20070C39A /* UIKit.framework in Frameworks */ = {isa = PBXBuildFile; fileRef = 6003F591195388D20070C39A /* UIKit.framework */; };
		6003F5BA195388D20070C39A /* InfoPlist.strings in Resources */ = {isa = PBXBuildFile; fileRef = 6003F5B8195388D20070C39A /* InfoPlist.strings */; };
		6003F5BC195388D20070C39A /* Tests.m in Sources */ = {isa = PBXBuildFile; fileRef = 6003F5BB195388D20070C39A /* Tests.m */; };
		873B8AEB1B1F5CCA007FD442 /* Main.storyboard in Resources */ = {isa = PBXBuildFile; fileRef = 873B8AEA1B1F5CCA007FD442 /* Main.storyboard */; };
		C55A31EA08F1C78C02A28147 /* libPods-ZYLoading_Example.a in Frameworks */ = {isa = PBXBuildFile; fileRef = AFDE610661E664E2A01FC3CB /* libPods-ZYLoading_Example.a */; };
/* End PBXBuildFile section */

/* Begin PBXContainerItemProxy section */
		6003F5B3195388D20070C39A /* PBXContainerItemProxy */ = {
			isa = PBXContainerItemProxy;
			containerPortal = 6003F582195388D10070C39A /* Project object */;
			proxyType = 1;
			remoteGlobalIDString = 6003F589195388D20070C39A;
			remoteInfo = ZYLoading;
		};
/* End PBXContainerItemProxy section */

/* Begin PBXFileReference section */
		3334BA831F95B045006A1951 /* ZYAnimationOneViewController.h */ = {isa = PBXFileReference; lastKnownFileType = sourcecode.c.h; path = ZYAnimationOneViewController.h; sourceTree = "<group>"; };
		3334BA841F95B045006A1951 /* ZYAnimationOneViewController.m */ = {isa = PBXFileReference; lastKnownFileType = sourcecode.c.objc; path = ZYAnimationOneViewController.m; sourceTree = "<group>"; };
		3334BA861F95B057006A1951 /* ZYAnimationTwoViewController.h */ = {isa = PBXFileReference; lastKnownFileType = sourcecode.c.h; path = ZYAnimationTwoViewController.h; sourceTree = "<group>"; };
		3334BA871F95B057006A1951 /* ZYAnimationTwoViewController.m */ = {isa = PBXFileReference; lastKnownFileType = sourcecode.c.objc; path = ZYAnimationTwoViewController.m; sourceTree = "<group>"; };
		33A7469D1F95B65700895F36 /* Launch Screen.storyboard */ = {isa = PBXFileReference; lastKnownFileType = file.storyboard; path = "Launch Screen.storyboard"; sourceTree = "<group>"; };
		33A746A41F95D7D300895F36 /* zy_loading_1.png */ = {isa = PBXFileReference; lastKnownFileType = image.png; path = zy_loading_1.png; sourceTree = "<group>"; };
		33A746A51F95D7D300895F36 /* zy_loading_10.png */ = {isa = PBXFileReference; lastKnownFileType = image.png; path = zy_loading_10.png; sourceTree = "<group>"; };
		33A746A61F95D7D300895F36 /* zy_loading_11.png */ = {isa = PBXFileReference; lastKnownFileType = image.png; path = zy_loading_11.png; sourceTree = "<group>"; };
		33A746A71F95D7D300895F36 /* zy_loading_12.png */ = {isa = PBXFileReference; lastKnownFileType = image.png; path = zy_loading_12.png; sourceTree = "<group>"; };
		33A746A81F95D7D300895F36 /* zy_loading_13.png */ = {isa = PBXFileReference; lastKnownFileType = image.png; path = zy_loading_13.png; sourceTree = "<group>"; };
		33A746A91F95D7D300895F36 /* zy_loading_14.png */ = {isa = PBXFileReference; lastKnownFileType = image.png; path = zy_loading_14.png; sourceTree = "<group>"; };
		33A746AA1F95D7D300895F36 /* zy_loading_15.png */ = {isa = PBXFileReference; lastKnownFileType = image.png; path = zy_loading_15.png; sourceTree = "<group>"; };
		33A746AB1F95D7D300895F36 /* zy_loading_16.png */ = {isa = PBXFileReference; lastKnownFileType = image.png; path = zy_loading_16.png; sourceTree = "<group>"; };
		33A746AC1F95D7D300895F36 /* zy_loading_17.png */ = {isa = PBXFileReference; lastKnownFileType = image.png; path = zy_loading_17.png; sourceTree = "<group>"; };
		33A746AD1F95D7D300895F36 /* zy_loading_18.png */ = {isa = PBXFileReference; lastKnownFileType = image.png; path = zy_loading_18.png; sourceTree = "<group>"; };
		33A746AE1F95D7D300895F36 /* zy_loading_19.png */ = {isa = PBXFileReference; lastKnownFileType = image.png; path = zy_loading_19.png; sourceTree = "<group>"; };
		33A746AF1F95D7D300895F36 /* zy_loading_2.png */ = {isa = PBXFileReference; lastKnownFileType = image.png; path = zy_loading_2.png; sourceTree = "<group>"; };
		33A746B01F95D7D300895F36 /* zy_loading_20.png */ = {isa = PBXFileReference; lastKnownFileType = image.png; path = zy_loading_20.png; sourceTree = "<group>"; };
		33A746B11F95D7D300895F36 /* zy_loading_21.png */ = {isa = PBXFileReference; lastKnownFileType = image.png; path = zy_loading_21.png; sourceTree = "<group>"; };
		33A746B21F95D7D300895F36 /* zy_loading_22.png */ = {isa = PBXFileReference; lastKnownFileType = image.png; path = zy_loading_22.png; sourceTree = "<group>"; };
		33A746B31F95D7D300895F36 /* zy_loading_23.png */ = {isa = PBXFileReference; lastKnownFileType = image.png; path = zy_loading_23.png; sourceTree = "<group>"; };
		33A746B41F95D7D300895F36 /* zy_loading_24.png */ = {isa = PBXFileReference; lastKnownFileType = image.png; path = zy_loading_24.png; sourceTree = "<group>"; };
		33A746B51F95D7D300895F36 /* zy_loading_25.png */ = {isa = PBXFileReference; lastKnownFileType = image.png; path = zy_loading_25.png; sourceTree = "<group>"; };
		33A746B61F95D7D300895F36 /* zy_loading_26.png */ = {isa = PBXFileReference; lastKnownFileType = image.png; path = zy_loading_26.png; sourceTree = "<group>"; };
		33A746B71F95D7D300895F36 /* zy_loading_27.png */ = {isa = PBXFileReference; lastKnownFileType = image.png; path = zy_loading_27.png; sourceTree = "<group>"; };
		33A746B81F95D7D300895F36 /* zy_loading_28.png */ = {isa = PBXFileReference; lastKnownFileType = image.png; path = zy_loading_28.png; sourceTree = "<group>"; };
		33A746B91F95D7D300895F36 /* zy_loading_29.png */ = {isa = PBXFileReference; lastKnownFileType = image.png; path = zy_loading_29.png; sourceTree = "<group>"; };
		33A746BA1F95D7D300895F36 /* zy_loading_3.png */ = {isa = PBXFileReference; lastKnownFileType = image.png; path = zy_loading_3.png; sourceTree = "<group>"; };
		33A746BB1F95D7D300895F36 /* zy_loading_30.png */ = {isa = PBXFileReference; lastKnownFileType = image.png; path = zy_loading_30.png; sourceTree = "<group>"; };
		33A746BC1F95D7D300895F36 /* zy_loading_31.png */ = {isa = PBXFileReference; lastKnownFileType = image.png; path = zy_loading_31.png; sourceTree = "<group>"; };
		33A746BD1F95D7D300895F36 /* zy_loading_32.png */ = {isa = PBXFileReference; lastKnownFileType = image.png; path = zy_loading_32.png; sourceTree = "<group>"; };
		33A746BE1F95D7D300895F36 /* zy_loading_33.png */ = {isa = PBXFileReference; lastKnownFileType = image.png; path = zy_loading_33.png; sourceTree = "<group>"; };
		33A746BF1F95D7D300895F36 /* zy_loading_34.png */ = {isa = PBXFileReference; lastKnownFileType = image.png; path = zy_loading_34.png; sourceTree = "<group>"; };
		33A746C01F95D7D300895F36 /* zy_loading_35.png */ = {isa = PBXFileReference; lastKnownFileType = image.png; path = zy_loading_35.png; sourceTree = "<group>"; };
		33A746C11F95D7D300895F36 /* zy_loading_36.png */ = {isa = PBXFileReference; lastKnownFileType = image.png; path = zy_loading_36.png; sourceTree = "<group>"; };
		33A746C21F95D7D300895F36 /* zy_loading_37.png */ = {isa = PBXFileReference; lastKnownFileType = image.png; path = zy_loading_37.png; sourceTree = "<group>"; };
		33A746C31F95D7D300895F36 /* zy_loading_38.png */ = {isa = PBXFileReference; lastKnownFileType = image.png; path = zy_loading_38.png; sourceTree = "<group>"; };
		33A746C41F95D7D300895F36 /* zy_loading_39.png */ = {isa = PBXFileReference; lastKnownFileType = image.png; path = zy_loading_39.png; sourceTree = "<group>"; };
		33A746C51F95D7D300895F36 /* zy_loading_4.png */ = {isa = PBXFileReference; lastKnownFileType = image.png; path = zy_loading_4.png; sourceTree = "<group>"; };
		33A746C61F95D7D300895F36 /* zy_loading_40.png */ = {isa = PBXFileReference; lastKnownFileType = image.png; path = zy_loading_40.png; sourceTree = "<group>"; };
		33A746C71F95D7D300895F36 /* zy_loading_41.png */ = {isa = PBXFileReference; lastKnownFileType = image.png; path = zy_loading_41.png; sourceTree = "<group>"; };
		33A746C81F95D7D300895F36 /* zy_loading_42.png */ = {isa = PBXFileReference; lastKnownFileType = image.png; path = zy_loading_42.png; sourceTree = "<group>"; };
		33A746C91F95D7D300895F36 /* zy_loading_45.png */ = {isa = PBXFileReference; lastKnownFileType = image.png; path = zy_loading_45.png; sourceTree = "<group>"; };
		33A746CA1F95D7D300895F36 /* zy_loading_46.png */ = {isa = PBXFileReference; lastKnownFileType = image.png; path = zy_loading_46.png; sourceTree = "<group>"; };
		33A746CB1F95D7D300895F36 /* zy_loading_5.png */ = {isa = PBXFileReference; lastKnownFileType = image.png; path = zy_loading_5.png; sourceTree = "<group>"; };
		33A746CC1F95D7D300895F36 /* zy_loading_6.png */ = {isa = PBXFileReference; lastKnownFileType = image.png; path = zy_loading_6.png; sourceTree = "<group>"; };
		33A746CD1F95D7D300895F36 /* zy_loading_7.png */ = {isa = PBXFileReference; lastKnownFileType = image.png; path = zy_loading_7.png; sourceTree = "<group>"; };
		33A746CE1F95D7D300895F36 /* zy_loading_8.png */ = {isa = PBXFileReference; lastKnownFileType = image.png; path = zy_loading_8.png; sourceTree = "<group>"; };
		33A746CF1F95D7D300895F36 /* zy_loading_9.png */ = {isa = PBXFileReference; lastKnownFileType = image.png; path = zy_loading_9.png; sourceTree = "<group>"; };
		33A746FC1F95EE5F00895F36 /* ZYAnimationThreeViewController.h */ = {isa = PBXFileReference; lastKnownFileType = sourcecode.c.h; path = ZYAnimationThreeViewController.h; sourceTree = "<group>"; };
		33A746FD1F95EE5F00895F36 /* ZYAnimationThreeViewController.m */ = {isa = PBXFileReference; lastKnownFileType = sourcecode.c.objc; path = ZYAnimationThreeViewController.m; sourceTree = "<group>"; };
		36EA8D5B428629AAFAA18E0D /* Pods_ZYLoading_Tests.framework */ = {isa = PBXFileReference; explicitFileType = wrapper.framework; includeInIndex = 0; path = Pods_ZYLoading_Tests.framework; sourceTree = BUILT_PRODUCTS_DIR; };
		54E11C261FF496DDEF14C59C /* Pods-ZYLoading_Example.release.xcconfig */ = {isa = PBXFileReference; includeInIndex = 1; lastKnownFileType = text.xcconfig; name = "Pods-ZYLoading_Example.release.xcconfig"; path = "Pods/Target Support Files/Pods-ZYLoading_Example/Pods-ZYLoading_Example.release.xcconfig"; sourceTree = "<group>"; };
		6003F58A195388D20070C39A /* ZYLoading_Example.app */ = {isa = PBXFileReference; explicitFileType = wrapper.application; includeInIndex = 0; path = ZYLoading_Example.app; sourceTree = BUILT_PRODUCTS_DIR; };
		6003F58D195388D20070C39A /* Foundation.framework */ = {isa = PBXFileReference; lastKnownFileType = wrapper.framework; name = Foundation.framework; path = System/Library/Frameworks/Foundation.framework; sourceTree = SDKROOT; };
		6003F58F195388D20070C39A /* CoreGraphics.framework */ = {isa = PBXFileReference; lastKnownFileType = wrapper.framework; name = CoreGraphics.framework; path = System/Library/Frameworks/CoreGraphics.framework; sourceTree = SDKROOT; };
		6003F591195388D20070C39A /* UIKit.framework */ = {isa = PBXFileReference; lastKnownFileType = wrapper.framework; name = UIKit.framework; path = System/Library/Frameworks/UIKit.framework; sourceTree = SDKROOT; };
		6003F595195388D20070C39A /* ZYLoading-Info.plist */ = {isa = PBXFileReference; lastKnownFileType = text.plist.xml; path = "ZYLoading-Info.plist"; sourceTree = "<group>"; };
		6003F597195388D20070C39A /* en */ = {isa = PBXFileReference; lastKnownFileType = text.plist.strings; name = en; path = en.lproj/InfoPlist.strings; sourceTree = "<group>"; };
		6003F599195388D20070C39A /* main.m */ = {isa = PBXFileReference; lastKnownFileType = sourcecode.c.objc; path = main.m; sourceTree = "<group>"; };
		6003F59B195388D20070C39A /* ZYLoading-Prefix.pch */ = {isa = PBXFileReference; lastKnownFileType = sourcecode.c.h; path = "ZYLoading-Prefix.pch"; sourceTree = "<group>"; };
		6003F59C195388D20070C39A /* ZYAppDelegate.h */ = {isa = PBXFileReference; lastKnownFileType = sourcecode.c.h; path = ZYAppDelegate.h; sourceTree = "<group>"; };
		6003F59D195388D20070C39A /* ZYAppDelegate.m */ = {isa = PBXFileReference; lastKnownFileType = sourcecode.c.objc; path = ZYAppDelegate.m; sourceTree = "<group>"; };
		6003F5A5195388D20070C39A /* ZYViewController.h */ = {isa = PBXFileReference; lastKnownFileType = sourcecode.c.h; path = ZYViewController.h; sourceTree = "<group>"; };
		6003F5A6195388D20070C39A /* ZYViewController.m */ = {isa = PBXFileReference; lastKnownFileType = sourcecode.c.objc; path = ZYViewController.m; sourceTree = "<group>"; };
		6003F5A8195388D20070C39A /* Images.xcassets */ = {isa = PBXFileReference; lastKnownFileType = folder.assetcatalog; path = Images.xcassets; sourceTree = "<group>"; };
		6003F5AE195388D20070C39A /* ZYLoading_Tests.xctest */ = {isa = PBXFileReference; explicitFileType = wrapper.cfbundle; includeInIndex = 0; path = ZYLoading_Tests.xctest; sourceTree = BUILT_PRODUCTS_DIR; };
		6003F5AF195388D20070C39A /* XCTest.framework */ = {isa = PBXFileReference; lastKnownFileType = wrapper.framework; name = XCTest.framework; path = Library/Frameworks/XCTest.framework; sourceTree = DEVELOPER_DIR; };
		6003F5B7195388D20070C39A /* Tests-Info.plist */ = {isa = PBXFileReference; lastKnownFileType = text.plist.xml; path = "Tests-Info.plist"; sourceTree = "<group>"; };
		6003F5B9195388D20070C39A /* en */ = {isa = PBXFileReference; lastKnownFileType = text.plist.strings; name = en; path = en.lproj/InfoPlist.strings; sourceTree = "<group>"; };
		6003F5BB195388D20070C39A /* Tests.m */ = {isa = PBXFileReference; lastKnownFileType = sourcecode.c.objc; path = Tests.m; sourceTree = "<group>"; };
		606FC2411953D9B200FFA9A0 /* Tests-Prefix.pch */ = {isa = PBXFileReference; lastKnownFileType = sourcecode.c.h; path = "Tests-Prefix.pch"; sourceTree = "<group>"; };
		6B0C6BA16C032705F7888108 /* README.md */ = {isa = PBXFileReference; includeInIndex = 1; lastKnownFileType = net.daringfireball.markdown; name = README.md; path = ../README.md; sourceTree = "<group>"; };
		873B8AEA1B1F5CCA007FD442 /* Main.storyboard */ = {isa = PBXFileReference; fileEncoding = 4; lastKnownFileType = file.storyboard; path = Main.storyboard; sourceTree = "<group>"; };
		A1312098C39DF196F99CF9FC /* LICENSE */ = {isa = PBXFileReference; includeInIndex = 1; lastKnownFileType = text; name = LICENSE; path = ../LICENSE; sourceTree = "<group>"; };
		AFDE610661E664E2A01FC3CB /* libPods-ZYLoading_Example.a */ = {isa = PBXFileReference; explicitFileType = archive.ar; includeInIndex = 0; path = "libPods-ZYLoading_Example.a"; sourceTree = BUILT_PRODUCTS_DIR; };
		B7AD16285714B22047474882 /* Pods-ZYLoading_Example.debug.xcconfig */ = {isa = PBXFileReference; includeInIndex = 1; lastKnownFileType = text.xcconfig; name = "Pods-ZYLoading_Example.debug.xcconfig"; path = "Pods/Target Support Files/Pods-ZYLoading_Example/Pods-ZYLoading_Example.debug.xcconfig"; sourceTree = "<group>"; };
		D30E2BE7C2B02617179A7D5B /* ZYLoading.podspec */ = {isa = PBXFileReference; includeInIndex = 1; lastKnownFileType = text; name = ZYLoading.podspec; path = ../ZYLoading.podspec; sourceTree = "<group>"; };
/* End PBXFileReference section */

/* Begin PBXFrameworksBuildPhase section */
		6003F587195388D20070C39A /* Frameworks */ = {
			isa = PBXFrameworksBuildPhase;
			buildActionMask = 2147483647;
			files = (
				6003F590195388D20070C39A /* CoreGraphics.framework in Frameworks */,
				6003F592195388D20070C39A /* UIKit.framework in Frameworks */,
				6003F58E195388D20070C39A /* Foundation.framework in Frameworks */,
				C55A31EA08F1C78C02A28147 /* libPods-ZYLoading_Example.a in Frameworks */,
			);
			runOnlyForDeploymentPostprocessing = 0;
		};
		6003F5AB195388D20070C39A /* Frameworks */ = {
			isa = PBXFrameworksBuildPhase;
			buildActionMask = 2147483647;
			files = (
				6003F5B0195388D20070C39A /* XCTest.framework in Frameworks */,
				6003F5B2195388D20070C39A /* UIKit.framework in Frameworks */,
				6003F5B1195388D20070C39A /* Foundation.framework in Frameworks */,
			);
			runOnlyForDeploymentPostprocessing = 0;
		};
/* End PBXFrameworksBuildPhase section */

/* Begin PBXGroup section */
		33A746A31F95D7D300895F36 /* AnimateImages */ = {
			isa = PBXGroup;
			children = (
				33A746A41F95D7D300895F36 /* zy_loading_1.png */,
				33A746A51F95D7D300895F36 /* zy_loading_10.png */,
				33A746A61F95D7D300895F36 /* zy_loading_11.png */,
				33A746A71F95D7D300895F36 /* zy_loading_12.png */,
				33A746A81F95D7D300895F36 /* zy_loading_13.png */,
				33A746A91F95D7D300895F36 /* zy_loading_14.png */,
				33A746AA1F95D7D300895F36 /* zy_loading_15.png */,
				33A746AB1F95D7D300895F36 /* zy_loading_16.png */,
				33A746AC1F95D7D300895F36 /* zy_loading_17.png */,
				33A746AD1F95D7D300895F36 /* zy_loading_18.png */,
				33A746AE1F95D7D300895F36 /* zy_loading_19.png */,
				33A746AF1F95D7D300895F36 /* zy_loading_2.png */,
				33A746B01F95D7D300895F36 /* zy_loading_20.png */,
				33A746B11F95D7D300895F36 /* zy_loading_21.png */,
				33A746B21F95D7D300895F36 /* zy_loading_22.png */,
				33A746B31F95D7D300895F36 /* zy_loading_23.png */,
				33A746B41F95D7D300895F36 /* zy_loading_24.png */,
				33A746B51F95D7D300895F36 /* zy_loading_25.png */,
				33A746B61F95D7D300895F36 /* zy_loading_26.png */,
				33A746B71F95D7D300895F36 /* zy_loading_27.png */,
				33A746B81F95D7D300895F36 /* zy_loading_28.png */,
				33A746B91F95D7D300895F36 /* zy_loading_29.png */,
				33A746BA1F95D7D300895F36 /* zy_loading_3.png */,
				33A746BB1F95D7D300895F36 /* zy_loading_30.png */,
				33A746BC1F95D7D300895F36 /* zy_loading_31.png */,
				33A746BD1F95D7D300895F36 /* zy_loading_32.png */,
				33A746BE1F95D7D300895F36 /* zy_loading_33.png */,
				33A746BF1F95D7D300895F36 /* zy_loading_34.png */,
				33A746C01F95D7D300895F36 /* zy_loading_35.png */,
				33A746C11F95D7D300895F36 /* zy_loading_36.png */,
				33A746C21F95D7D300895F36 /* zy_loading_37.png */,
				33A746C31F95D7D300895F36 /* zy_loading_38.png */,
				33A746C41F95D7D300895F36 /* zy_loading_39.png */,
				33A746C51F95D7D300895F36 /* zy_loading_4.png */,
				33A746C61F95D7D300895F36 /* zy_loading_40.png */,
				33A746C71F95D7D300895F36 /* zy_loading_41.png */,
				33A746C81F95D7D300895F36 /* zy_loading_42.png */,
				33A746C91F95D7D300895F36 /* zy_loading_45.png */,
				33A746CA1F95D7D300895F36 /* zy_loading_46.png */,
				33A746CB1F95D7D300895F36 /* zy_loading_5.png */,
				33A746CC1F95D7D300895F36 /* zy_loading_6.png */,
				33A746CD1F95D7D300895F36 /* zy_loading_7.png */,
				33A746CE1F95D7D300895F36 /* zy_loading_8.png */,
				33A746CF1F95D7D300895F36 /* zy_loading_9.png */,
			);
			path = AnimateImages;
			sourceTree = "<group>";
		};
		6003F581195388D10070C39A = {
			isa = PBXGroup;
			children = (
				60FF7A9C1954A5C5007DD14C /* Podspec Metadata */,
				6003F593195388D20070C39A /* Example for ZYLoading */,
				6003F5B5195388D20070C39A /* Tests */,
				6003F58C195388D20070C39A /* Frameworks */,
				6003F58B195388D20070C39A /* Products */,
				C51497C3B41F79639209216E /* Pods */,
			);
			sourceTree = "<group>";
		};
		6003F58B195388D20070C39A /* Products */ = {
			isa = PBXGroup;
			children = (
				6003F58A195388D20070C39A /* ZYLoading_Example.app */,
				6003F5AE195388D20070C39A /* ZYLoading_Tests.xctest */,
			);
			name = Products;
			sourceTree = "<group>";
		};
		6003F58C195388D20070C39A /* Frameworks */ = {
			isa = PBXGroup;
			children = (
				6003F58D195388D20070C39A /* Foundation.framework */,
				6003F58F195388D20070C39A /* CoreGraphics.framework */,
				6003F591195388D20070C39A /* UIKit.framework */,
				6003F5AF195388D20070C39A /* XCTest.framework */,
				36EA8D5B428629AAFAA18E0D /* Pods_ZYLoading_Tests.framework */,
				AFDE610661E664E2A01FC3CB /* libPods-ZYLoading_Example.a */,
			);
			name = Frameworks;
			sourceTree = "<group>";
		};
		6003F593195388D20070C39A /* Example for ZYLoading */ = {
			isa = PBXGroup;
			children = (
				33A746A31F95D7D300895F36 /* AnimateImages */,
				6003F59C195388D20070C39A /* ZYAppDelegate.h */,
				6003F59D195388D20070C39A /* ZYAppDelegate.m */,
				873B8AEA1B1F5CCA007FD442 /* Main.storyboard */,
				6003F5A5195388D20070C39A /* ZYViewController.h */,
				6003F5A6195388D20070C39A /* ZYViewController.m */,
				3334BA831F95B045006A1951 /* ZYAnimationOneViewController.h */,
				3334BA841F95B045006A1951 /* ZYAnimationOneViewController.m */,
				3334BA861F95B057006A1951 /* ZYAnimationTwoViewController.h */,
				3334BA871F95B057006A1951 /* ZYAnimationTwoViewController.m */,
				33A746FC1F95EE5F00895F36 /* ZYAnimationThreeViewController.h */,
				33A746FD1F95EE5F00895F36 /* ZYAnimationThreeViewController.m */,
				6003F5A8195388D20070C39A /* Images.xcassets */,
				6003F594195388D20070C39A /* Supporting Files */,
				33A7469D1F95B65700895F36 /* Launch Screen.storyboard */,
			);
			name = "Example for ZYLoading";
			path = ZYLoading;
			sourceTree = "<group>";
		};
		6003F594195388D20070C39A /* Supporting Files */ = {
			isa = PBXGroup;
			children = (
				6003F595195388D20070C39A /* ZYLoading-Info.plist */,
				6003F596195388D20070C39A /* InfoPlist.strings */,
				6003F599195388D20070C39A /* main.m */,
				6003F59B195388D20070C39A /* ZYLoading-Prefix.pch */,
			);
			name = "Supporting Files";
			sourceTree = "<group>";
		};
		6003F5B5195388D20070C39A /* Tests */ = {
			isa = PBXGroup;
			children = (
				6003F5BB195388D20070C39A /* Tests.m */,
				6003F5B6195388D20070C39A /* Supporting Files */,
			);
			path = Tests;
			sourceTree = "<group>";
		};
		6003F5B6195388D20070C39A /* Supporting Files */ = {
			isa = PBXGroup;
			children = (
				6003F5B7195388D20070C39A /* Tests-Info.plist */,
				6003F5B8195388D20070C39A /* InfoPlist.strings */,
				606FC2411953D9B200FFA9A0 /* Tests-Prefix.pch */,
			);
			name = "Supporting Files";
			sourceTree = "<group>";
		};
		60FF7A9C1954A5C5007DD14C /* Podspec Metadata */ = {
			isa = PBXGroup;
			children = (
				D30E2BE7C2B02617179A7D5B /* ZYLoading.podspec */,
				6B0C6BA16C032705F7888108 /* README.md */,
				A1312098C39DF196F99CF9FC /* LICENSE */,
			);
			name = "Podspec Metadata";
			sourceTree = "<group>";
		};
		C51497C3B41F79639209216E /* Pods */ = {
			isa = PBXGroup;
			children = (
				B7AD16285714B22047474882 /* Pods-ZYLoading_Example.debug.xcconfig */,
				54E11C261FF496DDEF14C59C /* Pods-ZYLoading_Example.release.xcconfig */,
			);
			name = Pods;
			sourceTree = "<group>";
		};
/* End PBXGroup section */

/* Begin PBXNativeTarget section */
		6003F589195388D20070C39A /* ZYLoading_Example */ = {
			isa = PBXNativeTarget;
			buildConfigurationList = 6003F5BF195388D20070C39A /* Build configuration list for PBXNativeTarget "ZYLoading_Example" */;
			buildPhases = (
				06DAE72C96565C020F98E12A /* [CP] Check Pods Manifest.lock */,
				6003F586195388D20070C39A /* Sources */,
				6003F587195388D20070C39A /* Frameworks */,
				6003F588195388D20070C39A /* Resources */,
				B551354C5E9E7EB11C9B0F4B /* [CP] Embed Pods Frameworks */,
				C27A716B847EA8848375F9EE /* [CP] Copy Pods Resources */,
			);
			buildRules = (
			);
			dependencies = (
			);
			name = ZYLoading_Example;
			productName = ZYLoading;
			productReference = 6003F58A195388D20070C39A /* ZYLoading_Example.app */;
			productType = "com.apple.product-type.application";
		};
		6003F5AD195388D20070C39A /* ZYLoading_Tests */ = {
			isa = PBXNativeTarget;
			buildConfigurationList = 6003F5C2195388D20070C39A /* Build configuration list for PBXNativeTarget "ZYLoading_Tests" */;
			buildPhases = (
				6003F5AA195388D20070C39A /* Sources */,
				6003F5AB195388D20070C39A /* Frameworks */,
				6003F5AC195388D20070C39A /* Resources */,
			);
			buildRules = (
			);
			dependencies = (
				6003F5B4195388D20070C39A /* PBXTargetDependency */,
			);
			name = ZYLoading_Tests;
			productName = ZYLoadingTests;
			productReference = 6003F5AE195388D20070C39A /* ZYLoading_Tests.xctest */;
			productType = "com.apple.product-type.bundle.unit-test";
		};
/* End PBXNativeTarget section */

/* Begin PBXProject section */
		6003F582195388D10070C39A /* Project object */ = {
			isa = PBXProject;
			attributes = {
				CLASSPREFIX = ZY;
				LastUpgradeCheck = 0720;
				ORGANIZATIONNAME = luzy;
				TargetAttributes = {
					6003F5AD195388D20070C39A = {
						TestTargetID = 6003F589195388D20070C39A;
					};
				};
			};
			buildConfigurationList = 6003F585195388D10070C39A /* Build configuration list for PBXProject "ZYLoading" */;
			compatibilityVersion = "Xcode 3.2";
			developmentRegion = English;
			hasScannedForEncodings = 0;
			knownRegions = (
				en,
				Base,
			);
			mainGroup = 6003F581195388D10070C39A;
			productRefGroup = 6003F58B195388D20070C39A /* Products */;
			projectDirPath = "";
			projectRoot = "";
			targets = (
				6003F589195388D20070C39A /* ZYLoading_Example */,
				6003F5AD195388D20070C39A /* ZYLoading_Tests */,
			);
		};
/* End PBXProject section */

/* Begin PBXResourcesBuildPhase section */
		6003F588195388D20070C39A /* Resources */ = {
			isa = PBXResourcesBuildPhase;
			buildActionMask = 2147483647;
			files = (
				33A746DF1F95D7D300895F36 /* zy_loading_23.png in Resources */,
				873B8AEB1B1F5CCA007FD442 /* Main.storyboard in Resources */,
				33A746ED1F95D7D300895F36 /* zy_loading_36.png in Resources */,
				33A746E91F95D7D300895F36 /* zy_loading_32.png in Resources */,
				33A746E11F95D7D300895F36 /* zy_loading_25.png in Resources */,
				33A746F21F95D7D300895F36 /* zy_loading_40.png in Resources */,
				33A746E01F95D7D300895F36 /* zy_loading_24.png in Resources */,
				33A746D61F95D7D300895F36 /* zy_loading_15.png in Resources */,
				33A746E41F95D7D300895F36 /* zy_loading_28.png in Resources */,
				33A746DD1F95D7D300895F36 /* zy_loading_21.png in Resources */,
				33A746D71F95D7D300895F36 /* zy_loading_16.png in Resources */,
				33A746FB1F95D7D300895F36 /* zy_loading_9.png in Resources */,
				33A746E61F95D7D300895F36 /* zy_loading_3.png in Resources */,
				33A746D21F95D7D300895F36 /* zy_loading_11.png in Resources */,
				33A746E71F95D7D300895F36 /* zy_loading_30.png in Resources */,
				33A746DB1F95D7D300895F36 /* zy_loading_2.png in Resources */,
				6003F5A9195388D20070C39A /* Images.xcassets in Resources */,
				33A746EC1F95D7D300895F36 /* zy_loading_35.png in Resources */,
				33A746F81F95D7D300895F36 /* zy_loading_6.png in Resources */,
				33A746D11F95D7D300895F36 /* zy_loading_10.png in Resources */,
				33A746EE1F95D7D300895F36 /* zy_loading_37.png in Resources */,
				33A746D01F95D7D300895F36 /* zy_loading_1.png in Resources */,
				33A746F91F95D7D300895F36 /* zy_loading_7.png in Resources */,
				33A746D41F95D7D300895F36 /* zy_loading_13.png in Resources */,
				33A746DA1F95D7D300895F36 /* zy_loading_19.png in Resources */,
				33A746F41F95D7D300895F36 /* zy_loading_42.png in Resources */,
				33A746F61F95D7D300895F36 /* zy_loading_46.png in Resources */,
				33A746E81F95D7D300895F36 /* zy_loading_31.png in Resources */,
				33A746D91F95D7D300895F36 /* zy_loading_18.png in Resources */,
				33A746F31F95D7D300895F36 /* zy_loading_41.png in Resources */,
				33A746F71F95D7D300895F36 /* zy_loading_5.png in Resources */,
				33A746FA1F95D7D300895F36 /* zy_loading_8.png in Resources */,
				33A746DE1F95D7D300895F36 /* zy_loading_22.png in Resources */,
				33A746D81F95D7D300895F36 /* zy_loading_17.png in Resources */,
				33A7469E1F95B65700895F36 /* Launch Screen.storyboard in Resources */,
				33A746EF1F95D7D300895F36 /* zy_loading_38.png in Resources */,
				33A746F01F95D7D300895F36 /* zy_loading_39.png in Resources */,
				33A746F11F95D7D300895F36 /* zy_loading_4.png in Resources */,
				33A746D31F95D7D300895F36 /* zy_loading_12.png in Resources */,
				33A746E51F95D7D300895F36 /* zy_loading_29.png in Resources */,
				33A746D51F95D7D300895F36 /* zy_loading_14.png in Resources */,
				33A746EB1F95D7D300895F36 /* zy_loading_34.png in Resources */,
				33A746E31F95D7D300895F36 /* zy_loading_27.png in Resources */,
				33A746DC1F95D7D300895F36 /* zy_loading_20.png in Resources */,
				33A746F51F95D7D300895F36 /* zy_loading_45.png in Resources */,
				33A746EA1F95D7D300895F36 /* zy_loading_33.png in Resources */,
				6003F598195388D20070C39A /* InfoPlist.strings in Resources */,
				33A746E21F95D7D300895F36 /* zy_loading_26.png in Resources */,
			);
			runOnlyForDeploymentPostprocessing = 0;
		};
		6003F5AC195388D20070C39A /* Resources */ = {
			isa = PBXResourcesBuildPhase;
			buildActionMask = 2147483647;
			files = (
				6003F5BA195388D20070C39A /* InfoPlist.strings in Resources */,
			);
			runOnlyForDeploymentPostprocessing = 0;
		};
/* End PBXResourcesBuildPhase section */

/* Begin PBXShellScriptBuildPhase section */
		06DAE72C96565C020F98E12A /* [CP] Check Pods Manifest.lock */ = {
			isa = PBXShellScriptBuildPhase;
			buildActionMask = 2147483647;
			files = (
			);
			inputPaths = (
				"${PODS_PODFILE_DIR_PATH}/Podfile.lock",
				"${PODS_ROOT}/Manifest.lock",
			);
			name = "[CP] Check Pods Manifest.lock";
			outputPaths = (
				"$(DERIVED_FILE_DIR)/Pods-ZYLoading_Example-checkManifestLockResult.txt",
			);
			runOnlyForDeploymentPostprocessing = 0;
			shellPath = /bin/sh;
			shellScript = "diff \"${PODS_PODFILE_DIR_PATH}/Podfile.lock\" \"${PODS_ROOT}/Manifest.lock\" > /dev/null\nif [ $? != 0 ] ; then\n    # print error to STDERR\n    echo \"error: The sandbox is not in sync with the Podfile.lock. Run 'pod install' or update your CocoaPods installation.\" >&2\n    exit 1\nfi\n# This output is used by Xcode 'outputs' to avoid re-running this script phase.\necho \"SUCCESS\" > \"${SCRIPT_OUTPUT_FILE_0}\"\n";
			showEnvVarsInLog = 0;
		};
		B551354C5E9E7EB11C9B0F4B /* [CP] Embed Pods Frameworks */ = {
			isa = PBXShellScriptBuildPhase;
			buildActionMask = 2147483647;
			files = (
			);
			inputPaths = (
			);
			name = "[CP] Embed Pods Frameworks";
			outputPaths = (
			);
			runOnlyForDeploymentPostprocessing = 0;
			shellPath = /bin/sh;
			shellScript = "\"${SRCROOT}/Pods/Target Support Files/Pods-ZYLoading_Example/Pods-ZYLoading_Example-frameworks.sh\"\n";
			showEnvVarsInLog = 0;
		};
		C27A716B847EA8848375F9EE /* [CP] Copy Pods Resources */ = {
			isa = PBXShellScriptBuildPhase;
			buildActionMask = 2147483647;
			files = (
			);
			inputPaths = (
				"${SRCROOT}/Pods/Target Support Files/Pods-ZYLoading_Example/Pods-ZYLoading_Example-resources.sh",
				$PODS_CONFIGURATION_BUILD_DIR/ZYLoading/ZYLoading.bundle,
			);
			name = "[CP] Copy Pods Resources";
			outputPaths = (
				"${TARGET_BUILD_DIR}/${UNLOCALIZED_RESOURCES_FOLDER_PATH}",
			);
			runOnlyForDeploymentPostprocessing = 0;
			shellPath = /bin/sh;
			shellScript = "\"${SRCROOT}/Pods/Target Support Files/Pods-ZYLoading_Example/Pods-ZYLoading_Example-resources.sh\"\n";
			showEnvVarsInLog = 0;
		};
/* End PBXShellScriptBuildPhase section */

/* Begin PBXSourcesBuildPhase section */
		6003F586195388D20070C39A /* Sources */ = {
			isa = PBXSourcesBuildPhase;
			buildActionMask = 2147483647;
			files = (
				3334BA881F95B057006A1951 /* ZYAnimationTwoViewController.m in Sources */,
				6003F59E195388D20070C39A /* ZYAppDelegate.m in Sources */,
				3334BA851F95B045006A1951 /* ZYAnimationOneViewController.m in Sources */,
				6003F5A7195388D20070C39A /* ZYViewController.m in Sources */,
				33A746FE1F95EE5F00895F36 /* ZYAnimationThreeViewController.m in Sources */,
				6003F59A195388D20070C39A /* main.m in Sources */,
			);
			runOnlyForDeploymentPostprocessing = 0;
		};
		6003F5AA195388D20070C39A /* Sources */ = {
			isa = PBXSourcesBuildPhase;
			buildActionMask = 2147483647;
			files = (
				6003F5BC195388D20070C39A /* Tests.m in Sources */,
			);
			runOnlyForDeploymentPostprocessing = 0;
		};
/* End PBXSourcesBuildPhase section */

/* Begin PBXTargetDependency section */
		6003F5B4195388D20070C39A /* PBXTargetDependency */ = {
			isa = PBXTargetDependency;
			target = 6003F589195388D20070C39A /* ZYLoading_Example */;
			targetProxy = 6003F5B3195388D20070C39A /* PBXContainerItemProxy */;
		};
/* End PBXTargetDependency section */

/* Begin PBXVariantGroup section */
		6003F596195388D20070C39A /* InfoPlist.strings */ = {
			isa = PBXVariantGroup;
			children = (
				6003F597195388D20070C39A /* en */,
			);
			name = InfoPlist.strings;
			sourceTree = "<group>";
		};
		6003F5B8195388D20070C39A /* InfoPlist.strings */ = {
			isa = PBXVariantGroup;
			children = (
				6003F5B9195388D20070C39A /* en */,
			);
			name = InfoPlist.strings;
			sourceTree = "<group>";
		};
/* End PBXVariantGroup section */

/* Begin XCBuildConfiguration section */
		6003F5BD195388D20070C39A /* Debug */ = {
			isa = XCBuildConfiguration;
			buildSettings = {
				ALWAYS_SEARCH_USER_PATHS = NO;
				CLANG_CXX_LANGUAGE_STANDARD = "gnu++0x";
				CLANG_CXX_LIBRARY = "libc++";
				CLANG_ENABLE_MODULES = YES;
				CLANG_ENABLE_OBJC_ARC = YES;
				CLANG_WARN_BOOL_CONVERSION = YES;
				CLANG_WARN_CONSTANT_CONVERSION = YES;
				CLANG_WARN_DIRECT_OBJC_ISA_USAGE = YES_ERROR;
				CLANG_WARN_EMPTY_BODY = YES;
				CLANG_WARN_ENUM_CONVERSION = YES;
				CLANG_WARN_INT_CONVERSION = YES;
				CLANG_WARN_OBJC_ROOT_CLASS = YES_ERROR;
				CLANG_WARN__DUPLICATE_METHOD_MATCH = YES;
				"CODE_SIGN_IDENTITY[sdk=iphoneos*]" = "iPhone Developer";
				COPY_PHASE_STRIP = NO;
				ENABLE_TESTABILITY = YES;
				GCC_C_LANGUAGE_STANDARD = gnu99;
				GCC_DYNAMIC_NO_PIC = NO;
				GCC_OPTIMIZATION_LEVEL = 0;
				GCC_PREPROCESSOR_DEFINITIONS = (
					"DEBUG=1",
					"$(inherited)",
				);
				GCC_SYMBOLS_PRIVATE_EXTERN = NO;
				GCC_WARN_64_TO_32_BIT_CONVERSION = YES;
				GCC_WARN_ABOUT_RETURN_TYPE = YES_ERROR;
				GCC_WARN_UNDECLARED_SELECTOR = YES;
				GCC_WARN_UNINITIALIZED_AUTOS = YES_AGGRESSIVE;
				GCC_WARN_UNUSED_FUNCTION = YES;
				GCC_WARN_UNUSED_VARIABLE = YES;
				IPHONEOS_DEPLOYMENT_TARGET = 8.3;
				ONLY_ACTIVE_ARCH = YES;
				SDKROOT = iphoneos;
				TARGETED_DEVICE_FAMILY = "1,2";
			};
			name = Debug;
		};
		6003F5BE195388D20070C39A /* Release */ = {
			isa = XCBuildConfiguration;
			buildSettings = {
				ALWAYS_SEARCH_USER_PATHS = NO;
				CLANG_CXX_LANGUAGE_STANDARD = "gnu++0x";
				CLANG_CXX_LIBRARY = "libc++";
				CLANG_ENABLE_MODULES = YES;
				CLANG_ENABLE_OBJC_ARC = YES;
				CLANG_WARN_BOOL_CONVERSION = YES;
				CLANG_WARN_CONSTANT_CONVERSION = YES;
				CLANG_WARN_DIRECT_OBJC_ISA_USAGE = YES_ERROR;
				CLANG_WARN_EMPTY_BODY = YES;
				CLANG_WARN_ENUM_CONVERSION = YES;
				CLANG_WARN_INT_CONVERSION = YES;
				CLANG_WARN_OBJC_ROOT_CLASS = YES_ERROR;
				CLANG_WARN__DUPLICATE_METHOD_MATCH = YES;
				"CODE_SIGN_IDENTITY[sdk=iphoneos*]" = "iPhone Developer";
				COPY_PHASE_STRIP = YES;
				ENABLE_NS_ASSERTIONS = NO;
				GCC_C_LANGUAGE_STANDARD = gnu99;
				GCC_WARN_64_TO_32_BIT_CONVERSION = YES;
				GCC_WARN_ABOUT_RETURN_TYPE = YES_ERROR;
				GCC_WARN_UNDECLARED_SELECTOR = YES;
				GCC_WARN_UNINITIALIZED_AUTOS = YES_AGGRESSIVE;
				GCC_WARN_UNUSED_FUNCTION = YES;
				GCC_WARN_UNUSED_VARIABLE = YES;
				IPHONEOS_DEPLOYMENT_TARGET = 8.3;
				SDKROOT = iphoneos;
				TARGETED_DEVICE_FAMILY = "1,2";
				VALIDATE_PRODUCT = YES;
			};
			name = Release;
		};
		6003F5C0195388D20070C39A /* Debug */ = {
			isa = XCBuildConfiguration;
			baseConfigurationReference = B7AD16285714B22047474882 /* Pods-ZYLoading_Example.debug.xcconfig */;
			buildSettings = {
				ASSETCATALOG_COMPILER_APPICON_NAME = AppIcon;
				ASSETCATALOG_COMPILER_LAUNCHIMAGE_NAME = LaunchImage;
				GCC_PRECOMPILE_PREFIX_HEADER = YES;
				GCC_PREFIX_HEADER = "ZYLoading/ZYLoading-Prefix.pch";
				INFOPLIST_FILE = "ZYLoading/ZYLoading-Info.plist";
				MODULE_NAME = ExampleApp;
				PRODUCT_BUNDLE_IDENTIFIER = "org.cocoapods.demo.${PRODUCT_NAME:rfc1034identifier}";
				PRODUCT_NAME = "$(TARGET_NAME)";
				WRAPPER_EXTENSION = app;
			};
			name = Debug;
		};
		6003F5C1195388D20070C39A /* Release */ = {
			isa = XCBuildConfiguration;
			baseConfigurationReference = 54E11C261FF496DDEF14C59C /* Pods-ZYLoading_Example.release.xcconfig */;
			buildSettings = {
				ASSETCATALOG_COMPILER_APPICON_NAME = AppIcon;
				ASSETCATALOG_COMPILER_LAUNCHIMAGE_NAME = LaunchImage;
				GCC_PRECOMPILE_PREFIX_HEADER = YES;
				GCC_PREFIX_HEADER = "ZYLoading/ZYLoading-Prefix.pch";
				INFOPLIST_FILE = "ZYLoading/ZYLoading-Info.plist";
				MODULE_NAME = ExampleApp;
				PRODUCT_BUNDLE_IDENTIFIER = "org.cocoapods.demo.${PRODUCT_NAME:rfc1034identifier}";
				PRODUCT_NAME = "$(TARGET_NAME)";
				WRAPPER_EXTENSION = app;
			};
			name = Release;
		};
		6003F5C3195388D20070C39A /* Debug */ = {
			isa = XCBuildConfiguration;
			buildSettings = {
				BUNDLE_LOADER = "$(TEST_HOST)";
				FRAMEWORK_SEARCH_PATHS = (
					"$(SDKROOT)/Developer/Library/Frameworks",
					"$(inherited)",
					"$(DEVELOPER_FRAMEWORKS_DIR)",
				);
				GCC_PRECOMPILE_PREFIX_HEADER = YES;
				GCC_PREFIX_HEADER = "Tests/Tests-Prefix.pch";
				GCC_PREPROCESSOR_DEFINITIONS = (
					"DEBUG=1",
					"$(inherited)",
				);
				INFOPLIST_FILE = "Tests/Tests-Info.plist";
				PRODUCT_BUNDLE_IDENTIFIER = "org.cocoapods.demo.${PRODUCT_NAME:rfc1034identifier}";
				PRODUCT_NAME = "$(TARGET_NAME)";
				TEST_HOST = "$(BUILT_PRODUCTS_DIR)/ZYLoading_Example.app/ZYLoading_Example";
				WRAPPER_EXTENSION = xctest;
			};
			name = Debug;
		};
		6003F5C4195388D20070C39A /* Release */ = {
			isa = XCBuildConfiguration;
			buildSettings = {
				BUNDLE_LOADER = "$(TEST_HOST)";
				FRAMEWORK_SEARCH_PATHS = (
					"$(SDKROOT)/Developer/Library/Frameworks",
					"$(inherited)",
					"$(DEVELOPER_FRAMEWORKS_DIR)",
				);
				GCC_PRECOMPILE_PREFIX_HEADER = YES;
				GCC_PREFIX_HEADER = "Tests/Tests-Prefix.pch";
				INFOPLIST_FILE = "Tests/Tests-Info.plist";
				PRODUCT_BUNDLE_IDENTIFIER = "org.cocoapods.demo.${PRODUCT_NAME:rfc1034identifier}";
				PRODUCT_NAME = "$(TARGET_NAME)";
				TEST_HOST = "$(BUILT_PRODUCTS_DIR)/ZYLoading_Example.app/ZYLoading_Example";
				WRAPPER_EXTENSION = xctest;
			};
			name = Release;
		};
/* End XCBuildConfiguration section */

/* Begin XCConfigurationList section */
		6003F585195388D10070C39A /* Build configuration list for PBXProject "ZYLoading" */ = {
			isa = XCConfigurationList;
			buildConfigurations = (
				6003F5BD195388D20070C39A /* Debug */,
				6003F5BE195388D20070C39A /* Release */,
			);
			defaultConfigurationIsVisible = 0;
			defaultConfigurationName = Release;
		};
		6003F5BF195388D20070C39A /* Build configuration list for PBXNativeTarget "ZYLoading_Example" */ = {
			isa = XCConfigurationList;
			buildConfigurations = (
				6003F5C0195388D20070C39A /* Debug */,
				6003F5C1195388D20070C39A /* Release */,
			);
			defaultConfigurationIsVisible = 0;
			defaultConfigurationName = Release;
		};
		6003F5C2195388D20070C39A /* Build configuration list for PBXNativeTarget "ZYLoading_Tests" */ = {
			isa = XCConfigurationList;
			buildConfigurations = (
				6003F5C3195388D20070C39A /* Debug */,
				6003F5C4195388D20070C39A /* Release */,
			);
			defaultConfigurationIsVisible = 0;
			defaultConfigurationName = Release;
		};
/* End XCConfigurationList section */
	};
	rootObject = 6003F582195388D10070C39A /* Project object */;
}
